// !$*UTF8*$!
{
	archiveVersion = 1;
	classes = {
	};
	objectVersion = 46;
	objects = {

/* Begin PBXBuildFile section */
		5F057A841C473B810006D342 /* Question2.swift in Sources */ = {isa = PBXBuildFile; fileRef = 5F057A831C473B810006D342 /* Question2.swift */; };
		5F057A861C473BA60006D342 /* Question3.swift in Sources */ = {isa = PBXBuildFile; fileRef = 5F057A851C473BA60006D342 /* Question3.swift */; };
		5F057A881C473BB50006D342 /* Question4.swift in Sources */ = {isa = PBXBuildFile; fileRef = 5F057A871C473BB50006D342 /* Question4.swift */; };
		5F057A8A1C473BD10006D342 /* Question5.swift in Sources */ = {isa = PBXBuildFile; fileRef = 5F057A891C473BD10006D342 /* Question5.swift */; };
		5F057A8C1C473BDD0006D342 /* Question6.swift in Sources */ = {isa = PBXBuildFile; fileRef = 5F057A8B1C473BDD0006D342 /* Question6.swift */; };
		5F057A8E1C473C060006D342 /* Question7.swift in Sources */ = {isa = PBXBuildFile; fileRef = 5F057A8D1C473C060006D342 /* Question7.swift */; };
		5F057A901C473C130006D342 /* Question8.swift in Sources */ = {isa = PBXBuildFile; fileRef = 5F057A8F1C473C130006D342 /* Question8.swift */; };
		5F057A921C473C1F0006D342 /* Question9.swift in Sources */ = {isa = PBXBuildFile; fileRef = 5F057A911C473C1F0006D342 /* Question9.swift */; };
		5F057A941C473C2B0006D342 /* Question10.swift in Sources */ = {isa = PBXBuildFile; fileRef = 5F057A931C473C2B0006D342 /* Question10.swift */; };
		5F057A961C473C360006D342 /* Question11.swift in Sources */ = {isa = PBXBuildFile; fileRef = 5F057A951C473C360006D342 /* Question11.swift */; };
		5F057A981C473C4A0006D342 /* Question12.swift in Sources */ = {isa = PBXBuildFile; fileRef = 5F057A971C473C4A0006D342 /* Question12.swift */; };
		5F057A9A1C473C540006D342 /* Question13.swift in Sources */ = {isa = PBXBuildFile; fileRef = 5F057A991C473C540006D342 /* Question13.swift */; };
		5F057A9C1C473C5E0006D342 /* Question14.swift in Sources */ = {isa = PBXBuildFile; fileRef = 5F057A9B1C473C5E0006D342 /* Question14.swift */; };
		5F057A9E1C473C670006D342 /* Question15.swift in Sources */ = {isa = PBXBuildFile; fileRef = 5F057A9D1C473C670006D342 /* Question15.swift */; };
		5F057AA01C473C710006D342 /* Question16.swift in Sources */ = {isa = PBXBuildFile; fileRef = 5F057A9F1C473C710006D342 /* Question16.swift */; };
		5F057AA21C473C7A0006D342 /* Question17.swift in Sources */ = {isa = PBXBuildFile; fileRef = 5F057AA11C473C7A0006D342 /* Question17.swift */; };
		5F057AA41C473C830006D342 /* Question18.swift in Sources */ = {isa = PBXBuildFile; fileRef = 5F057AA31C473C830006D342 /* Question18.swift */; };
		5F057AA61C473C8F0006D342 /* Question19.swift in Sources */ = {isa = PBXBuildFile; fileRef = 5F057AA51C473C8F0006D342 /* Question19.swift */; };
		5F057AA81C473C990006D342 /* Question20.swift in Sources */ = {isa = PBXBuildFile; fileRef = 5F057AA71C473C990006D342 /* Question20.swift */; };
		5F057AAA1C473CA10006D342 /* Question21.swift in Sources */ = {isa = PBXBuildFile; fileRef = 5F057AA91C473CA10006D342 /* Question21.swift */; };
		5F057AAC1C473CAC0006D342 /* Question22.swift in Sources */ = {isa = PBXBuildFile; fileRef = 5F057AAB1C473CAC0006D342 /* Question22.swift */; };
		5F057AAE1C473CB60006D342 /* Question23.swift in Sources */ = {isa = PBXBuildFile; fileRef = 5F057AAD1C473CB60006D342 /* Question23.swift */; };
		5F057AB01C473CC20006D342 /* Question24.swift in Sources */ = {isa = PBXBuildFile; fileRef = 5F057AAF1C473CC20006D342 /* Question24.swift */; };
		5F057AB21C473CCD0006D342 /* Question25.swift in Sources */ = {isa = PBXBuildFile; fileRef = 5F057AB11C473CCD0006D342 /* Question25.swift */; };
		5F057AB41C473CDA0006D342 /* Question26.swift in Sources */ = {isa = PBXBuildFile; fileRef = 5F057AB31C473CDA0006D342 /* Question26.swift */; };
		5F057AB61C473CE50006D342 /* Question27.swift in Sources */ = {isa = PBXBuildFile; fileRef = 5F057AB51C473CE50006D342 /* Question27.swift */; };
		5F057AB81C473CF20006D342 /* Question28.swift in Sources */ = {isa = PBXBuildFile; fileRef = 5F057AB71C473CF20006D342 /* Question28.swift */; };
		5F7F1D8E1C41ED9200E52E37 /* Question1.swift in Sources */ = {isa = PBXBuildFile; fileRef = 5F7F1D8D1C41ED9200E52E37 /* Question1.swift */; };
		5FB227E31C3C9DAC00F06FA6 /* AppDelegate.swift in Sources */ = {isa = PBXBuildFile; fileRef = 5FB227E21C3C9DAC00F06FA6 /* AppDelegate.swift */; };
		5FB227E51C3C9DAC00F06FA6 /* ViewController.swift in Sources */ = {isa = PBXBuildFile; fileRef = 5FB227E41C3C9DAC00F06FA6 /* ViewController.swift */; };
		5FB227E81C3C9DAC00F06FA6 /* Main.storyboard in Resources */ = {isa = PBXBuildFile; fileRef = 5FB227E61C3C9DAC00F06FA6 /* Main.storyboard */; };
		5FB227EA1C3C9DAC00F06FA6 /* Assets.xcassets in Resources */ = {isa = PBXBuildFile; fileRef = 5FB227E91C3C9DAC00F06FA6 /* Assets.xcassets */; };
		5FB227ED1C3C9DAC00F06FA6 /* LaunchScreen.storyboard in Resources */ = {isa = PBXBuildFile; fileRef = 5FB227EB1C3C9DAC00F06FA6 /* LaunchScreen.storyboard */; };
		5FB344021C3F494100F833B4 /* Instructions Page.swift in Sources */ = {isa = PBXBuildFile; fileRef = 5FB344011C3F494100F833B4 /* Instructions Page.swift */; };
		5FB344041C3F4C0900F833B4 /* Player1.swift in Sources */ = {isa = PBXBuildFile; fileRef = 5FB344031C3F4C0900F833B4 /* Player1.swift */; };
		5FB344061C3F501800F833B4 /* Player2.swift in Sources */ = {isa = PBXBuildFile; fileRef = 5FB344051C3F501800F833B4 /* Player2.swift */; };
		8E8C1A711C59C42A00577076 /* Questions29.swift in Sources */ = {isa = PBXBuildFile; fileRef = 8E8C1A701C59C42A00577076 /* Questions29.swift */; };
		8E8C1A731C59C45200577076 /* Question30.swift in Sources */ = {isa = PBXBuildFile; fileRef = 8E8C1A721C59C45200577076 /* Question30.swift */; };
		8E8C1A751C59C46E00577076 /* Question31.swift in Sources */ = {isa = PBXBuildFile; fileRef = 8E8C1A741C59C46E00577076 /* Question31.swift */; };
		8E8C1A771C59C55800577076 /* Question32.swift in Sources */ = {isa = PBXBuildFile; fileRef = 8E8C1A761C59C55800577076 /* Question32.swift */; };
/* End PBXBuildFile section */

/* Begin PBXFileReference section */
		5F057A831C473B810006D342 /* Question2.swift */ = {isa = PBXFileReference; fileEncoding = 4; lastKnownFileType = sourcecode.swift; path = Question2.swift; sourceTree = "<group>"; };
		5F057A851C473BA60006D342 /* Question3.swift */ = {isa = PBXFileReference; fileEncoding = 4; lastKnownFileType = sourcecode.swift; path = Question3.swift; sourceTree = "<group>"; };
		5F057A871C473BB50006D342 /* Question4.swift */ = {isa = PBXFileReference; fileEncoding = 4; lastKnownFileType = sourcecode.swift; path = Question4.swift; sourceTree = "<group>"; };
		5F057A891C473BD10006D342 /* Question5.swift */ = {isa = PBXFileReference; fileEncoding = 4; lastKnownFileType = sourcecode.swift; path = Question5.swift; sourceTree = "<group>"; };
		5F057A8B1C473BDD0006D342 /* Question6.swift */ = {isa = PBXFileReference; fileEncoding = 4; lastKnownFileType = sourcecode.swift; path = Question6.swift; sourceTree = "<group>"; };
		5F057A8D1C473C060006D342 /* Question7.swift */ = {isa = PBXFileReference; fileEncoding = 4; lastKnownFileType = sourcecode.swift; path = Question7.swift; sourceTree = "<group>"; };
		5F057A8F1C473C130006D342 /* Question8.swift */ = {isa = PBXFileReference; fileEncoding = 4; lastKnownFileType = sourcecode.swift; path = Question8.swift; sourceTree = "<group>"; };
		5F057A911C473C1F0006D342 /* Question9.swift */ = {isa = PBXFileReference; fileEncoding = 4; lastKnownFileType = sourcecode.swift; path = Question9.swift; sourceTree = "<group>"; };
		5F057A931C473C2B0006D342 /* Question10.swift */ = {isa = PBXFileReference; fileEncoding = 4; lastKnownFileType = sourcecode.swift; path = Question10.swift; sourceTree = "<group>"; };
		5F057A951C473C360006D342 /* Question11.swift */ = {isa = PBXFileReference; fileEncoding = 4; lastKnownFileType = sourcecode.swift; path = Question11.swift; sourceTree = "<group>"; };
		5F057A971C473C4A0006D342 /* Question12.swift */ = {isa = PBXFileReference; fileEncoding = 4; lastKnownFileType = sourcecode.swift; path = Question12.swift; sourceTree = "<group>"; };
		5F057A991C473C540006D342 /* Question13.swift */ = {isa = PBXFileReference; fileEncoding = 4; lastKnownFileType = sourcecode.swift; path = Question13.swift; sourceTree = "<group>"; };
		5F057A9B1C473C5E0006D342 /* Question14.swift */ = {isa = PBXFileReference; fileEncoding = 4; lastKnownFileType = sourcecode.swift; path = Question14.swift; sourceTree = "<group>"; };
		5F057A9D1C473C670006D342 /* Question15.swift */ = {isa = PBXFileReference; fileEncoding = 4; lastKnownFileType = sourcecode.swift; path = Question15.swift; sourceTree = "<group>"; };
		5F057A9F1C473C710006D342 /* Question16.swift */ = {isa = PBXFileReference; fileEncoding = 4; lastKnownFileType = sourcecode.swift; path = Question16.swift; sourceTree = "<group>"; };
		5F057AA11C473C7A0006D342 /* Question17.swift */ = {isa = PBXFileReference; fileEncoding = 4; lastKnownFileType = sourcecode.swift; path = Question17.swift; sourceTree = "<group>"; };
		5F057AA31C473C830006D342 /* Question18.swift */ = {isa = PBXFileReference; fileEncoding = 4; lastKnownFileType = sourcecode.swift; path = Question18.swift; sourceTree = "<group>"; };
		5F057AA51C473C8F0006D342 /* Question19.swift */ = {isa = PBXFileReference; fileEncoding = 4; lastKnownFileType = sourcecode.swift; path = Question19.swift; sourceTree = "<group>"; };
		5F057AA71C473C990006D342 /* Question20.swift */ = {isa = PBXFileReference; fileEncoding = 4; lastKnownFileType = sourcecode.swift; path = Question20.swift; sourceTree = "<group>"; };
		5F057AA91C473CA10006D342 /* Question21.swift */ = {isa = PBXFileReference; fileEncoding = 4; lastKnownFileType = sourcecode.swift; path = Question21.swift; sourceTree = "<group>"; };
		5F057AAB1C473CAC0006D342 /* Question22.swift */ = {isa = PBXFileReference; fileEncoding = 4; lastKnownFileType = sourcecode.swift; path = Question22.swift; sourceTree = "<group>"; };
		5F057AAD1C473CB60006D342 /* Question23.swift */ = {isa = PBXFileReference; fileEncoding = 4; lastKnownFileType = sourcecode.swift; path = Question23.swift; sourceTree = "<group>"; };
		5F057AAF1C473CC20006D342 /* Question24.swift */ = {isa = PBXFileReference; fileEncoding = 4; lastKnownFileType = sourcecode.swift; path = Question24.swift; sourceTree = "<group>"; };
		5F057AB11C473CCD0006D342 /* Question25.swift */ = {isa = PBXFileReference; fileEncoding = 4; lastKnownFileType = sourcecode.swift; path = Question25.swift; sourceTree = "<group>"; };
		5F057AB31C473CDA0006D342 /* Question26.swift */ = {isa = PBXFileReference; fileEncoding = 4; lastKnownFileType = sourcecode.swift; path = Question26.swift; sourceTree = "<group>"; };
		5F057AB51C473CE50006D342 /* Question27.swift */ = {isa = PBXFileReference; fileEncoding = 4; lastKnownFileType = sourcecode.swift; path = Question27.swift; sourceTree = "<group>"; };
		5F057AB71C473CF20006D342 /* Question28.swift */ = {isa = PBXFileReference; fileEncoding = 4; lastKnownFileType = sourcecode.swift; path = Question28.swift; sourceTree = "<group>"; };
		5F7F1D8D1C41ED9200E52E37 /* Question1.swift */ = {isa = PBXFileReference; fileEncoding = 4; lastKnownFileType = sourcecode.swift; path = Question1.swift; sourceTree = "<group>"; };
		5FB227DF1C3C9DAB00F06FA6 /* Project.app */ = {isa = PBXFileReference; explicitFileType = wrapper.application; includeInIndex = 0; path = Project.app; sourceTree = BUILT_PRODUCTS_DIR; };
		5FB227E21C3C9DAC00F06FA6 /* AppDelegate.swift */ = {isa = PBXFileReference; lastKnownFileType = sourcecode.swift; path = AppDelegate.swift; sourceTree = "<group>"; };
		5FB227E41C3C9DAC00F06FA6 /* ViewController.swift */ = {isa = PBXFileReference; lastKnownFileType = sourcecode.swift; path = ViewController.swift; sourceTree = "<group>"; };
		5FB227E71C3C9DAC00F06FA6 /* Base */ = {isa = PBXFileReference; lastKnownFileType = file.storyboard; name = Base; path = Base.lproj/Main.storyboard; sourceTree = "<group>"; };
		5FB227E91C3C9DAC00F06FA6 /* Assets.xcassets */ = {isa = PBXFileReference; lastKnownFileType = folder.assetcatalog; path = Assets.xcassets; sourceTree = "<group>"; };
		5FB227EC1C3C9DAC00F06FA6 /* Base */ = {isa = PBXFileReference; lastKnownFileType = file.storyboard; name = Base; path = Base.lproj/LaunchScreen.storyboard; sourceTree = "<group>"; };
		5FB227EE1C3C9DAC00F06FA6 /* Info.plist */ = {isa = PBXFileReference; lastKnownFileType = text.plist.xml; path = Info.plist; sourceTree = "<group>"; };
		5FB344011C3F494100F833B4 /* Instructions Page.swift */ = {isa = PBXFileReference; fileEncoding = 4; lastKnownFileType = sourcecode.swift; path = "Instructions Page.swift"; sourceTree = "<group>"; };
		5FB344031C3F4C0900F833B4 /* Player1.swift */ = {isa = PBXFileReference; fileEncoding = 4; lastKnownFileType = sourcecode.swift; path = Player1.swift; sourceTree = "<group>"; };
		5FB344051C3F501800F833B4 /* Player2.swift */ = {isa = PBXFileReference; fileEncoding = 4; lastKnownFileType = sourcecode.swift; path = Player2.swift; sourceTree = "<group>"; };
		8E8C1A701C59C42A00577076 /* Questions29.swift */ = {isa = PBXFileReference; fileEncoding = 4; lastKnownFileType = sourcecode.swift; path = Questions29.swift; sourceTree = "<group>"; };
		8E8C1A721C59C45200577076 /* Question30.swift */ = {isa = PBXFileReference; fileEncoding = 4; lastKnownFileType = sourcecode.swift; path = Question30.swift; sourceTree = "<group>"; };
		8E8C1A741C59C46E00577076 /* Question31.swift */ = {isa = PBXFileReference; fileEncoding = 4; lastKnownFileType = sourcecode.swift; path = Question31.swift; sourceTree = "<group>"; };
		8E8C1A761C59C55800577076 /* Question32.swift */ = {isa = PBXFileReference; fileEncoding = 4; lastKnownFileType = sourcecode.swift; path = Question32.swift; sourceTree = "<group>"; };
/* End PBXFileReference section */

/* Begin PBXFrameworksBuildPhase section */
		5FB227DC1C3C9DAB00F06FA6 /* Frameworks */ = {
			isa = PBXFrameworksBuildPhase;
			buildActionMask = 2147483647;
			files = (
			);
			runOnlyForDeploymentPostprocessing = 0;
		};
/* End PBXFrameworksBuildPhase section */

/* Begin PBXGroup section */
		5FB227D61C3C9DAB00F06FA6 = {
			isa = PBXGroup;
			children = (
				5FB227E11C3C9DAC00F06FA6 /* Project */,
				5FB227E01C3C9DAB00F06FA6 /* Products */,
			);
			sourceTree = "<group>";
		};
		5FB227E01C3C9DAB00F06FA6 /* Products */ = {
			isa = PBXGroup;
			children = (
				5FB227DF1C3C9DAB00F06FA6 /* Project.app */,
			);
			name = Products;
			sourceTree = "<group>";
		};
		5FB227E11C3C9DAC00F06FA6 /* Project */ = {
			isa = PBXGroup;
			children = (
				5FB227E21C3C9DAC00F06FA6 /* AppDelegate.swift */,
				5FB227E41C3C9DAC00F06FA6 /* ViewController.swift */,
				5FB227E61C3C9DAC00F06FA6 /* Main.storyboard */,
				5FB227E91C3C9DAC00F06FA6 /* Assets.xcassets */,
				5FB227EB1C3C9DAC00F06FA6 /* LaunchScreen.storyboard */,
				5FB227EE1C3C9DAC00F06FA6 /* Info.plist */,
				5FB344011C3F494100F833B4 /* Instructions Page.swift */,
				5FB344031C3F4C0900F833B4 /* Player1.swift */,
				5FB344051C3F501800F833B4 /* Player2.swift */,
				5F7F1D8D1C41ED9200E52E37 /* Question1.swift */,
				5F057A831C473B810006D342 /* Question2.swift */,
				5F057A851C473BA60006D342 /* Question3.swift */,
				5F057A871C473BB50006D342 /* Question4.swift */,
				5F057A891C473BD10006D342 /* Question5.swift */,
				5F057A8B1C473BDD0006D342 /* Question6.swift */,
				5F057A8D1C473C060006D342 /* Question7.swift */,
				5F057A8F1C473C130006D342 /* Question8.swift */,
				5F057A911C473C1F0006D342 /* Question9.swift */,
				5F057A931C473C2B0006D342 /* Question10.swift */,
				5F057A951C473C360006D342 /* Question11.swift */,
				5F057A971C473C4A0006D342 /* Question12.swift */,
				5F057A991C473C540006D342 /* Question13.swift */,
				5F057A9B1C473C5E0006D342 /* Question14.swift */,
				5F057A9D1C473C670006D342 /* Question15.swift */,
				5F057A9F1C473C710006D342 /* Question16.swift */,
				5F057AA11C473C7A0006D342 /* Question17.swift */,
				5F057AA31C473C830006D342 /* Question18.swift */,
				5F057AA51C473C8F0006D342 /* Question19.swift */,
				5F057AA71C473C990006D342 /* Question20.swift */,
				5F057AA91C473CA10006D342 /* Question21.swift */,
				5F057AAB1C473CAC0006D342 /* Question22.swift */,
				5F057AAD1C473CB60006D342 /* Question23.swift */,
				5F057AAF1C473CC20006D342 /* Question24.swift */,
				5F057AB11C473CCD0006D342 /* Question25.swift */,
				5F057AB31C473CDA0006D342 /* Question26.swift */,
				5F057AB51C473CE50006D342 /* Question27.swift */,
				5F057AB71C473CF20006D342 /* Question28.swift */,
				8E8C1A701C59C42A00577076 /* Questions29.swift */,
				8E8C1A721C59C45200577076 /* Question30.swift */,
				8E8C1A741C59C46E00577076 /* Question31.swift */,
				8E8C1A761C59C55800577076 /* Question32.swift */,
			);
			path = Project;
			sourceTree = "<group>";
		};
/* End PBXGroup section */

/* Begin PBXNativeTarget section */
		5FB227DE1C3C9DAB00F06FA6 /* Project */ = {
			isa = PBXNativeTarget;
			buildConfigurationList = 5FB227F11C3C9DAC00F06FA6 /* Build configuration list for PBXNativeTarget "Project" */;
			buildPhases = (
				5FB227DB1C3C9DAB00F06FA6 /* Sources */,
				5FB227DC1C3C9DAB00F06FA6 /* Frameworks */,
				5FB227DD1C3C9DAB00F06FA6 /* Resources */,
			);
			buildRules = (
			);
			dependencies = (
			);
			name = Project;
			productName = Project;
			productReference = 5FB227DF1C3C9DAB00F06FA6 /* Project.app */;
			productType = "com.apple.product-type.application";
		};
/* End PBXNativeTarget section */

/* Begin PBXProject section */
		5FB227D71C3C9DAB00F06FA6 /* Project object */ = {
			isa = PBXProject;
			attributes = {
				LastSwiftUpdateCheck = 0720;
				LastUpgradeCheck = 0720;
				ORGANIZATIONNAME = "Jacqueline Jia";
				TargetAttributes = {
					5FB227DE1C3C9DAB00F06FA6 = {
						CreatedOnToolsVersion = 7.2;
					};
				};
			};
			buildConfigurationList = 5FB227DA1C3C9DAB00F06FA6 /* Build configuration list for PBXProject "Project" */;
			compatibilityVersion = "Xcode 3.2";
			developmentRegion = English;
			hasScannedForEncodings = 0;
			knownRegions = (
				en,
				Base,
			);
			mainGroup = 5FB227D61C3C9DAB00F06FA6;
			productRefGroup = 5FB227E01C3C9DAB00F06FA6 /* Products */;
			projectDirPath = "";
			projectRoot = "";
			targets = (
				5FB227DE1C3C9DAB00F06FA6 /* Project */,
			);
		};
/* End PBXProject section */

/* Begin PBXResourcesBuildPhase section */
		5FB227DD1C3C9DAB00F06FA6 /* Resources */ = {
			isa = PBXResourcesBuildPhase;
			buildActionMask = 2147483647;
			files = (
				5FB227ED1C3C9DAC00F06FA6 /* LaunchScreen.storyboard in Resources */,
				5FB227EA1C3C9DAC00F06FA6 /* Assets.xcassets in Resources */,
				5FB227E81C3C9DAC00F06FA6 /* Main.storyboard in Resources */,
			);
			runOnlyForDeploymentPostprocessing = 0;
		};
/* End PBXResourcesBuildPhase section */

/* Begin PBXSourcesBuildPhase section */
		5FB227DB1C3C9DAB00F06FA6 /* Sources */ = {
			isa = PBXSourcesBuildPhase;
			buildActionMask = 2147483647;
			files = (
				8E8C1A731C59C45200577076 /* Question30.swift in Sources */,
				5F057AAE1C473CB60006D342 /* Question23.swift in Sources */,
				5F057AB41C473CDA0006D342 /* Question26.swift in Sources */,
				5F057AA81C473C990006D342 /* Question20.swift in Sources */,
				5F057A981C473C4A0006D342 /* Question12.swift in Sources */,
				8E8C1A711C59C42A00577076 /* Questions29.swift in Sources */,
				5F057AAA1C473CA10006D342 /* Question21.swift in Sources */,
				5F057AAC1C473CAC0006D342 /* Question22.swift in Sources */,
				5FB227E51C3C9DAC00F06FA6 /* ViewController.swift in Sources */,
				5F057AA01C473C710006D342 /* Question16.swift in Sources */,
				5F057AB01C473CC20006D342 /* Question24.swift in Sources */,
				8E8C1A751C59C46E00577076 /* Question31.swift in Sources */,
				5F057A901C473C130006D342 /* Question8.swift in Sources */,
				5F057A8E1C473C060006D342 /* Question7.swift in Sources */,
				5F057A921C473C1F0006D342 /* Question9.swift in Sources */,
				5F057AB81C473CF20006D342 /* Question28.swift in Sources */,
				5F057AB61C473CE50006D342 /* Question27.swift in Sources */,
				5F7F1D8E1C41ED9200E52E37 /* Question1.swift in Sources */,
				5F057AA21C473C7A0006D342 /* Question17.swift in Sources */,
				5F057A961C473C360006D342 /* Question11.swift in Sources */,
				5F057A9C1C473C5E0006D342 /* Question14.swift in Sources */,
				5F057A841C473B810006D342 /* Question2.swift in Sources */,
				5F057A9E1C473C670006D342 /* Question15.swift in Sources */,
				5F057A8A1C473BD10006D342 /* Question5.swift in Sources */,
				5F057AA61C473C8F0006D342 /* Question19.swift in Sources */,
				5FB227E31C3C9DAC00F06FA6 /* AppDelegate.swift in Sources */,
				5FB344021C3F494100F833B4 /* Instructions Page.swift in Sources */,
				5F057A9A1C473C540006D342 /* Question13.swift in Sources */,
				5F057A861C473BA60006D342 /* Question3.swift in Sources */,
				8E8C1A771C59C55800577076 /* Question32.swift in Sources */,
				5F057A8C1C473BDD0006D342 /* Question6.swift in Sources */,
				5F057AB21C473CCD0006D342 /* Question25.swift in Sources */,
				5FB344041C3F4C0900F833B4 /* Player1.swift in Sources */,
				5FB344061C3F501800F833B4 /* Player2.swift in Sources */,
				5F057A881C473BB50006D342 /* Question4.swift in Sources */,
				5F057AA41C473C830006D342 /* Question18.swift in Sources */,
				5F057A941C473C2B0006D342 /* Question10.swift in Sources */,
			);
			runOnlyForDeploymentPostprocessing = 0;
		};
/* End PBXSourcesBuildPhase section */

/* Begin PBXVariantGroup section */
		5FB227E61C3C9DAC00F06FA6 /* Main.storyboard */ = {
			isa = PBXVariantGroup;
			children = (
				5FB227E71C3C9DAC00F06FA6 /* Base */,
			);
			name = Main.storyboard;
			sourceTree = "<group>";
		};
		5FB227EB1C3C9DAC00F06FA6 /* LaunchScreen.storyboard */ = {
			isa = PBXVariantGroup;
			children = (
				5FB227EC1C3C9DAC00F06FA6 /* Base */,
			);
			name = LaunchScreen.storyboard;
			sourceTree = "<group>";
		};
/* End PBXVariantGroup section */

/* Begin XCBuildConfiguration section */
		5FB227EF1C3C9DAC00F06FA6 /* Debug */ = {
			isa = XCBuildConfiguration;
			buildSettings = {
				ALWAYS_SEARCH_USER_PATHS = NO;
				CLANG_CXX_LANGUAGE_STANDARD = "gnu++0x";
				CLANG_CXX_LIBRARY = "libc++";
				CLANG_ENABLE_MODULES = YES;
				CLANG_ENABLE_OBJC_ARC = YES;
				CLANG_WARN_BOOL_CONVERSION = YES;
				CLANG_WARN_CONSTANT_CONVERSION = YES;
				CLANG_WARN_DIRECT_OBJC_ISA_USAGE = YES_ERROR;
				CLANG_WARN_EMPTY_BODY = YES;
				CLANG_WARN_ENUM_CONVERSION = YES;
				CLANG_WARN_INT_CONVERSION = YES;
				CLANG_WARN_OBJC_ROOT_CLASS = YES_ERROR;
				CLANG_WARN_UNREACHABLE_CODE = YES;
				CLANG_WARN__DUPLICATE_METHOD_MATCH = YES;
				"CODE_SIGN_IDENTITY[sdk=iphoneos*]" = "iPhone Developer";
				COPY_PHASE_STRIP = NO;
				DEBUG_INFORMATION_FORMAT = dwarf;
				ENABLE_STRICT_OBJC_MSGSEND = YES;
				ENABLE_TESTABILITY = YES;
				GCC_C_LANGUAGE_STANDARD = gnu99;
				GCC_DYNAMIC_NO_PIC = NO;
				GCC_NO_COMMON_BLOCKS = YES;
				GCC_OPTIMIZATION_LEVEL = 0;
				GCC_PREPROCESSOR_DEFINITIONS = (
					"DEBUG=1",
					"$(inherited)",
				);
				GCC_WARN_64_TO_32_BIT_CONVERSION = YES;
				GCC_WARN_ABOUT_RETURN_TYPE = YES_ERROR;
				GCC_WARN_UNDECLARED_SELECTOR = YES;
				GCC_WARN_UNINITIALIZED_AUTOS = YES_AGGRESSIVE;
				GCC_WARN_UNUSED_FUNCTION = YES;
				GCC_WARN_UNUSED_VARIABLE = YES;
				IPHONEOS_DEPLOYMENT_TARGET = 9.2;
				MTL_ENABLE_DEBUG_INFO = YES;
				ONLY_ACTIVE_ARCH = YES;
				SDKROOT = iphoneos;
				SWIFT_OPTIMIZATION_LEVEL = "-Onone";
			};
			name = Debug;
		};
		5FB227F01C3C9DAC00F06FA6 /* Release */ = {
			isa = XCBuildConfiguration;
			buildSettings = {
				ALWAYS_SEARCH_USER_PATHS = NO;
				CLANG_CXX_LANGUAGE_STANDARD = "gnu++0x";
				CLANG_CXX_LIBRARY = "libc++";
				CLANG_ENABLE_MODULES = YES;
				CLANG_ENABLE_OBJC_ARC = YES;
				CLANG_WARN_BOOL_CONVERSION = YES;
				CLANG_WARN_CONSTANT_CONVERSION = YES;
				CLANG_WARN_DIRECT_OBJC_ISA_USAGE = YES_ERROR;
				CLANG_WARN_EMPTY_BODY = YES;
				CLANG_WARN_ENUM_CONVERSION = YES;
				CLANG_WARN_INT_CONVERSION = YES;
				CLANG_WARN_OBJC_ROOT_CLASS = YES_ERROR;
				CLANG_WARN_UNREACHABLE_CODE = YES;
				CLANG_WARN__DUPLICATE_METHOD_MATCH = YES;
				"CODE_SIGN_IDENTITY[sdk=iphoneos*]" = "iPhone Developer";
				COPY_PHASE_STRIP = NO;
				DEBUG_INFORMATION_FORMAT = "dwarf-with-dsym";
				ENABLE_NS_ASSERTIONS = NO;
				ENABLE_STRICT_OBJC_MSGSEND = YES;
				GCC_C_LANGUAGE_STANDARD = gnu99;
				GCC_NO_COMMON_BLOCKS = YES;
				GCC_WARN_64_TO_32_BIT_CONVERSION = YES;
				GCC_WARN_ABOUT_RETURN_TYPE = YES_ERROR;
				GCC_WARN_UNDECLARED_SELECTOR = YES;
				GCC_WARN_UNINITIALIZED_AUTOS = YES_AGGRESSIVE;
				GCC_WARN_UNUSED_FUNCTION = YES;
				GCC_WARN_UNUSED_VARIABLE = YES;
				IPHONEOS_DEPLOYMENT_TARGET = 9.2;
				MTL_ENABLE_DEBUG_INFO = NO;
				SDKROOT = iphoneos;
				VALIDATE_PRODUCT = YES;
			};
			name = Release;
		};
		5FB227F21C3C9DAC00F06FA6 /* Debug */ = {
			isa = XCBuildConfiguration;
			buildSettings = {
				ASSETCATALOG_COMPILER_APPICON_NAME = AppIcon;
				INFOPLIST_FILE = Project/Info.plist;
				IPHONEOS_DEPLOYMENT_TARGET = 9.1;
				LD_RUNPATH_SEARCH_PATHS = "$(inherited) @executable_path/Frameworks";
				PRODUCT_BUNDLE_IDENTIFIER = com.Jacqueline.Project;
				PRODUCT_NAME = "$(TARGET_NAME)";
			};
			name = Debug;
		};
		5FB227F31C3C9DAC00F06FA6 /* Release */ = {
			isa = XCBuildConfiguration;
			buildSettings = {
				ASSETCATALOG_COMPILER_APPICON_NAME = AppIcon;
				INFOPLIST_FILE = Project/Info.plist;
				IPHONEOS_DEPLOYMENT_TARGET = 9.1;
				LD_RUNPATH_SEARCH_PATHS = "$(inherited) @executable_path/Frameworks";
				PRODUCT_BUNDLE_IDENTIFIER = com.Jacqueline.Project;
				PRODUCT_NAME = "$(TARGET_NAME)";
			};
			name = Release;
		};
/* End XCBuildConfiguration section */

/* Begin XCConfigurationList section */
		5FB227DA1C3C9DAB00F06FA6 /* Build configuration list for PBXProject "Project" */ = {
			isa = XCConfigurationList;
			buildConfigurations = (
				5FB227EF1C3C9DAC00F06FA6 /* Debug */,
				5FB227F01C3C9DAC00F06FA6 /* Release */,
			);
			defaultConfigurationIsVisible = 0;
			defaultConfigurationName = Release;
		};
		5FB227F11C3C9DAC00F06FA6 /* Build configuration list for PBXNativeTarget "Project" */ = {
			isa = XCConfigurationList;
			buildConfigurations = (
				5FB227F21C3C9DAC00F06FA6 /* Debug */,
				5FB227F31C3C9DAC00F06FA6 /* Release */,
			);
			defaultConfigurationIsVisible = 0;
			defaultConfigurationName = Release;
		};
/* End XCConfigurationList section */
	};
	rootObject = 5FB227D71C3C9DAB00F06FA6 /* Project object */;
}
